// !$*UTF8*$!
{
	archiveVersion = 1;
	classes = {
	};
	objectVersion = 56;
	objects = {

/* Begin PBXBuildFile section */
		AF02420E2D0DD7F80089B441 /* AllCoinsView.swift in Sources */ = {isa = PBXBuildFile; fileRef = AF02420D2D0DD7F80089B441 /* AllCoinsView.swift */; };
		AF0242102D0DD8050089B441 /* CoinRowView.swift in Sources */ = {isa = PBXBuildFile; fileRef = AF02420F2D0DD8050089B441 /* CoinRowView.swift */; };
		AF2091DB2D10120F00F1BFB9 /* Double.swift in Sources */ = {isa = PBXBuildFile; fileRef = AF2091DA2D10120F00F1BFB9 /* Double.swift */; };
		AF5797D62D0C5B0600F65C53 /* CryptoBitApp.swift in Sources */ = {isa = PBXBuildFile; fileRef = AF5797D52D0C5B0600F65C53 /* CryptoBitApp.swift */; };
		AF5797D82D0C5B0600F65C53 /* ContentView.swift in Sources */ = {isa = PBXBuildFile; fileRef = AF5797D72D0C5B0600F65C53 /* ContentView.swift */; };
		AF5797DA2D0C5B0800F65C53 /* Assets.xcassets in Resources */ = {isa = PBXBuildFile; fileRef = AF5797D92D0C5B0800F65C53 /* Assets.xcassets */; };
		AF5797DD2D0C5B0800F65C53 /* Preview Assets.xcassets in Resources */ = {isa = PBXBuildFile; fileRef = AF5797DC2D0C5B0800F65C53 /* Preview Assets.xcassets */; };
		AF5797ED2D0C5BEA00F65C53 /* HomeView.swift in Sources */ = {isa = PBXBuildFile; fileRef = AF5797EC2D0C5BEA00F65C53 /* HomeView.swift */; };
		AF5797EF2D0C5E5200F65C53 /* TopMoversView.swift in Sources */ = {isa = PBXBuildFile; fileRef = AF5797EE2D0C5E5200F65C53 /* TopMoversView.swift */; };
		AF5797F12D0C5E6300F65C53 /* TopMoversItemView.swift in Sources */ = {isa = PBXBuildFile; fileRef = AF5797F02D0C5E6300F65C53 /* TopMoversItemView.swift */; };
		AF92EE322D0EB94200104932 /* HomeViewModel.swift in Sources */ = {isa = PBXBuildFile; fileRef = AF92EE312D0EB94200104932 /* HomeViewModel.swift */; };
		AF92EE342D0EBE1200104932 /* Coin.swift in Sources */ = {isa = PBXBuildFile; fileRef = AF92EE332D0EBE1200104932 /* Coin.swift */; };
		AF92EE372D0ED4DA00104932 /* Kingfisher in Frameworks */ = {isa = PBXBuildFile; productRef = AF92EE362D0ED4DA00104932 /* Kingfisher */; };
/* End PBXBuildFile section */

/* Begin PBXFileReference section */
		AF02420D2D0DD7F80089B441 /* AllCoinsView.swift */ = {isa = PBXFileReference; lastKnownFileType = sourcecode.swift; path = AllCoinsView.swift; sourceTree = "<group>"; };
		AF02420F2D0DD8050089B441 /* CoinRowView.swift */ = {isa = PBXFileReference; lastKnownFileType = sourcecode.swift; path = CoinRowView.swift; sourceTree = "<group>"; };
		AF2091DA2D10120F00F1BFB9 /* Double.swift */ = {isa = PBXFileReference; lastKnownFileType = sourcecode.swift; path = Double.swift; sourceTree = "<group>"; };
		AF5797D22D0C5B0600F65C53 /* CryptoBit.app */ = {isa = PBXFileReference; explicitFileType = wrapper.application; includeInIndex = 0; path = CryptoBit.app; sourceTree = BUILT_PRODUCTS_DIR; };
		AF5797D52D0C5B0600F65C53 /* CryptoBitApp.swift */ = {isa = PBXFileReference; lastKnownFileType = sourcecode.swift; path = CryptoBitApp.swift; sourceTree = "<group>"; };
		AF5797D72D0C5B0600F65C53 /* ContentView.swift */ = {isa = PBXFileReference; lastKnownFileType = sourcecode.swift; path = ContentView.swift; sourceTree = "<group>"; };
		AF5797D92D0C5B0800F65C53 /* Assets.xcassets */ = {isa = PBXFileReference; lastKnownFileType = folder.assetcatalog; path = Assets.xcassets; sourceTree = "<group>"; };
		AF5797DC2D0C5B0800F65C53 /* Preview Assets.xcassets */ = {isa = PBXFileReference; lastKnownFileType = folder.assetcatalog; path = "Preview Assets.xcassets"; sourceTree = "<group>"; };
		AF5797EC2D0C5BEA00F65C53 /* HomeView.swift */ = {isa = PBXFileReference; lastKnownFileType = sourcecode.swift; path = HomeView.swift; sourceTree = "<group>"; };
		AF5797EE2D0C5E5200F65C53 /* TopMoversView.swift */ = {isa = PBXFileReference; lastKnownFileType = sourcecode.swift; path = TopMoversView.swift; sourceTree = "<group>"; };
		AF5797F02D0C5E6300F65C53 /* TopMoversItemView.swift */ = {isa = PBXFileReference; lastKnownFileType = sourcecode.swift; path = TopMoversItemView.swift; sourceTree = "<group>"; };
		AF92EE312D0EB94200104932 /* HomeViewModel.swift */ = {isa = PBXFileReference; lastKnownFileType = sourcecode.swift; path = HomeViewModel.swift; sourceTree = "<group>"; };
		AF92EE332D0EBE1200104932 /* Coin.swift */ = {isa = PBXFileReference; lastKnownFileType = sourcecode.swift; path = Coin.swift; sourceTree = "<group>"; };
/* End PBXFileReference section */

/* Begin PBXFrameworksBuildPhase section */
		AF5797CF2D0C5B0600F65C53 /* Frameworks */ = {
			isa = PBXFrameworksBuildPhase;
			buildActionMask = 2147483647;
			files = (
				AF92EE372D0ED4DA00104932 /* Kingfisher in Frameworks */,
			);
			runOnlyForDeploymentPostprocessing = 0;
		};
/* End PBXFrameworksBuildPhase section */

/* Begin PBXGroup section */
		AF5797C92D0C5B0600F65C53 = {
			isa = PBXGroup;
			children = (
				AF5797D42D0C5B0600F65C53 /* CryptoBit */,
				AF5797D32D0C5B0600F65C53 /* Products */,
			);
			sourceTree = "<group>";
		};
		AF5797D32D0C5B0600F65C53 /* Products */ = {
			isa = PBXGroup;
			children = (
				AF5797D22D0C5B0600F65C53 /* CryptoBit.app */,
			);
			name = Products;
			sourceTree = "<group>";
		};
		AF5797D42D0C5B0600F65C53 /* CryptoBit */ = {
			isa = PBXGroup;
			children = (
				AF5797E72D0C5B4900F65C53 /* App */,
				AF5797E62D0C5B4600F65C53 /* Core */,
				AF5797E52D0C5B4400F65C53 /* Models */,
				AF5797E42D0C5B4000F65C53 /* Extensions */,
				AF5797E32D0C5B3600F65C53 /* Utils */,
				AF5797D72D0C5B0600F65C53 /* ContentView.swift */,
				AF5797D92D0C5B0800F65C53 /* Assets.xcassets */,
				AF5797DB2D0C5B0800F65C53 /* Preview Content */,
			);
			path = CryptoBit;
			sourceTree = "<group>";
		};
		AF5797DB2D0C5B0800F65C53 /* Preview Content */ = {
			isa = PBXGroup;
			children = (
				AF5797DC2D0C5B0800F65C53 /* Preview Assets.xcassets */,
			);
			path = "Preview Content";
			sourceTree = "<group>";
		};
		AF5797E32D0C5B3600F65C53 /* Utils */ = {
			isa = PBXGroup;
			children = (
				AF5797D52D0C5B0600F65C53 /* CryptoBitApp.swift */,
			);
			path = Utils;
			sourceTree = "<group>";
		};
		AF5797E42D0C5B4000F65C53 /* Extensions */ = {
			isa = PBXGroup;
			children = (
				AF2091DA2D10120F00F1BFB9 /* Double.swift */,
			);
			path = Extensions;
			sourceTree = "<group>";
		};
		AF5797E52D0C5B4400F65C53 /* Models */ = {
			isa = PBXGroup;
			children = (
				AF92EE332D0EBE1200104932 /* Coin.swift */,
			);
			path = Models;
			sourceTree = "<group>";
		};
		AF5797E62D0C5B4600F65C53 /* Core */ = {
			isa = PBXGroup;
			children = (
				AF5797E82D0C5B6E00F65C53 /* Home */,
			);
			path = Core;
			sourceTree = "<group>";
		};
		AF5797E72D0C5B4900F65C53 /* App */ = {
			isa = PBXGroup;
			children = (
			);
			path = App;
			sourceTree = "<group>";
		};
		AF5797E82D0C5B6E00F65C53 /* Home */ = {
			isa = PBXGroup;
			children = (
				AF5797EB2D0C5BD700F65C53 /* viewmodels */,
				AF5797EA2D0C5BD100F65C53 /* views */,
			);
			path = Home;
			sourceTree = "<group>";
		};
		AF5797EA2D0C5BD100F65C53 /* views */ = {
			isa = PBXGroup;
			children = (
				AF5797EC2D0C5BEA00F65C53 /* HomeView.swift */,
				AF5797EE2D0C5E5200F65C53 /* TopMoversView.swift */,
				AF5797F02D0C5E6300F65C53 /* TopMoversItemView.swift */,
				AF02420D2D0DD7F80089B441 /* AllCoinsView.swift */,
				AF02420F2D0DD8050089B441 /* CoinRowView.swift */,
			);
			path = views;
			sourceTree = "<group>";
		};
		AF5797EB2D0C5BD700F65C53 /* viewmodels */ = {
			isa = PBXGroup;
			children = (
				AF92EE312D0EB94200104932 /* HomeViewModel.swift */,
			);
			path = viewmodels;
			sourceTree = "<group>";
		};
/* End PBXGroup section */

/* Begin PBXNativeTarget section */
		AF5797D12D0C5B0600F65C53 /* CryptoBit */ = {
			isa = PBXNativeTarget;
			buildConfigurationList = AF5797E02D0C5B0800F65C53 /* Build configuration list for PBXNativeTarget "CryptoBit" */;
			buildPhases = (
				AF5797CE2D0C5B0600F65C53 /* Sources */,
				AF5797CF2D0C5B0600F65C53 /* Frameworks */,
				AF5797D02D0C5B0600F65C53 /* Resources */,
			);
			buildRules = (
			);
			dependencies = (
			);
			name = CryptoBit;
			packageProductDependencies = (
				AF92EE362D0ED4DA00104932 /* Kingfisher */,
			);
			productName = CryptoBit;
			productReference = AF5797D22D0C5B0600F65C53 /* CryptoBit.app */;
			productType = "com.apple.product-type.application";
		};
/* End PBXNativeTarget section */

/* Begin PBXProject section */
		AF5797CA2D0C5B0600F65C53 /* Project object */ = {
			isa = PBXProject;
			attributes = {
				BuildIndependentTargetsInParallel = 1;
				LastSwiftUpdateCheck = 1500;
				LastUpgradeCheck = 1500;
				TargetAttributes = {
					AF5797D12D0C5B0600F65C53 = {
						CreatedOnToolsVersion = 15.0.1;
					};
				};
			};
			buildConfigurationList = AF5797CD2D0C5B0600F65C53 /* Build configuration list for PBXProject "CryptoBit" */;
			compatibilityVersion = "Xcode 14.0";
			developmentRegion = en;
			hasScannedForEncodings = 0;
			knownRegions = (
				en,
				Base,
			);
			mainGroup = AF5797C92D0C5B0600F65C53;
			packageReferences = (
				AF92EE352D0ED4DA00104932 /* XCRemoteSwiftPackageReference "Kingfisher" */,
			);
			productRefGroup = AF5797D32D0C5B0600F65C53 /* Products */;
			projectDirPath = "";
			projectRoot = "";
			targets = (
				AF5797D12D0C5B0600F65C53 /* CryptoBit */,
			);
		};
/* End PBXProject section */

/* Begin PBXResourcesBuildPhase section */
		AF5797D02D0C5B0600F65C53 /* Resources */ = {
			isa = PBXResourcesBuildPhase;
			buildActionMask = 2147483647;
			files = (
				AF5797DD2D0C5B0800F65C53 /* Preview Assets.xcassets in Resources */,
				AF5797DA2D0C5B0800F65C53 /* Assets.xcassets in Resources */,
			);
			runOnlyForDeploymentPostprocessing = 0;
		};
/* End PBXResourcesBuildPhase section */

/* Begin PBXSourcesBuildPhase section */
		AF5797CE2D0C5B0600F65C53 /* Sources */ = {
			isa = PBXSourcesBuildPhase;
			buildActionMask = 2147483647;
			files = (
				AF92EE342D0EBE1200104932 /* Coin.swift in Sources */,
				AF5797EF2D0C5E5200F65C53 /* TopMoversView.swift in Sources */,
				AF02420E2D0DD7F80089B441 /* AllCoinsView.swift in Sources */,
				AF92EE322D0EB94200104932 /* HomeViewModel.swift in Sources */,
				AF5797ED2D0C5BEA00F65C53 /* HomeView.swift in Sources */,
				AF5797D82D0C5B0600F65C53 /* ContentView.swift in Sources */,
				AF5797D62D0C5B0600F65C53 /* CryptoBitApp.swift in Sources */,
				AF0242102D0DD8050089B441 /* CoinRowView.swift in Sources */,
				AF2091DB2D10120F00F1BFB9 /* Double.swift in Sources */,
				AF5797F12D0C5E6300F65C53 /* TopMoversItemView.swift in Sources */,
			);
			runOnlyForDeploymentPostprocessing = 0;
		};
/* End PBXSourcesBuildPhase section */

/* Begin XCBuildConfiguration section */
		AF5797DE2D0C5B0800F65C53 /* Debug */ = {
			isa = XCBuildConfiguration;
			buildSettings = {
				ALWAYS_SEARCH_USER_PATHS = NO;
				ASSETCATALOG_COMPILER_GENERATE_SWIFT_ASSET_SYMBOL_EXTENSIONS = YES;
				CLANG_ANALYZER_NONNULL = YES;
				CLANG_ANALYZER_NUMBER_OBJECT_CONVERSION = YES_AGGRESSIVE;
				CLANG_CXX_LANGUAGE_STANDARD = "gnu++20";
				CLANG_ENABLE_MODULES = YES;
				CLANG_ENABLE_OBJC_ARC = YES;
				CLANG_ENABLE_OBJC_WEAK = YES;
				CLANG_WARN_BLOCK_CAPTURE_AUTORELEASING = YES;
				CLANG_WARN_BOOL_CONVERSION = YES;
				CLANG_WARN_COMMA = YES;
				CLANG_WARN_CONSTANT_CONVERSION = YES;
				CLANG_WARN_DEPRECATED_OBJC_IMPLEMENTATIONS = YES;
				CLANG_WARN_DIRECT_OBJC_ISA_USAGE = YES_ERROR;
				CLANG_WARN_DOCUMENTATION_COMMENTS = YES;
				CLANG_WARN_EMPTY_BODY = YES;
				CLANG_WARN_ENUM_CONVERSION = YES;
				CLANG_WARN_INFINITE_RECURSION = YES;
				CLANG_WARN_INT_CONVERSION = YES;
				CLANG_WARN_NON_LITERAL_NULL_CONVERSION = YES;
				CLANG_WARN_OBJC_IMPLICIT_RETAIN_SELF = YES;
				CLANG_WARN_OBJC_LITERAL_CONVERSION = YES;
				CLANG_WARN_OBJC_ROOT_CLASS = YES_ERROR;
				CLANG_WARN_QUOTED_INCLUDE_IN_FRAMEWORK_HEADER = YES;
				CLANG_WARN_RANGE_LOOP_ANALYSIS = YES;
				CLANG_WARN_STRICT_PROTOTYPES = YES;
				CLANG_WARN_SUSPICIOUS_MOVE = YES;
				CLANG_WARN_UNGUARDED_AVAILABILITY = YES_AGGRESSIVE;
				CLANG_WARN_UNREACHABLE_CODE = YES;
				CLANG_WARN__DUPLICATE_METHOD_MATCH = YES;
				COPY_PHASE_STRIP = NO;
				DEBUG_INFORMATION_FORMAT = dwarf;
				ENABLE_STRICT_OBJC_MSGSEND = YES;
				ENABLE_TESTABILITY = YES;
				ENABLE_USER_SCRIPT_SANDBOXING = YES;
				GCC_C_LANGUAGE_STANDARD = gnu17;
				GCC_DYNAMIC_NO_PIC = NO;
				GCC_NO_COMMON_BLOCKS = YES;
				GCC_OPTIMIZATION_LEVEL = 0;
				GCC_PREPROCESSOR_DEFINITIONS = (
					"DEBUG=1",
					"$(inherited)",
				);
				GCC_WARN_64_TO_32_BIT_CONVERSION = YES;
				GCC_WARN_ABOUT_RETURN_TYPE = YES_ERROR;
				GCC_WARN_UNDECLARED_SELECTOR = YES;
				GCC_WARN_UNINITIALIZED_AUTOS = YES_AGGRESSIVE;
				GCC_WARN_UNUSED_FUNCTION = YES;
				GCC_WARN_UNUSED_VARIABLE = YES;
				IPHONEOS_DEPLOYMENT_TARGET = 17.0;
				LOCALIZATION_PREFERS_STRING_CATALOGS = YES;
				MTL_ENABLE_DEBUG_INFO = INCLUDE_SOURCE;
				MTL_FAST_MATH = YES;
				ONLY_ACTIVE_ARCH = YES;
				SDKROOT = iphoneos;
				SWIFT_ACTIVE_COMPILATION_CONDITIONS = "DEBUG $(inherited)";
				SWIFT_OPTIMIZATION_LEVEL = "-Onone";
			};
			name = Debug;
		};
		AF5797DF2D0C5B0800F65C53 /* Release */ = {
			isa = XCBuildConfiguration;
			buildSettings = {
				ALWAYS_SEARCH_USER_PATHS = NO;
				ASSETCATALOG_COMPILER_GENERATE_SWIFT_ASSET_SYMBOL_EXTENSIONS = YES;
				CLANG_ANALYZER_NONNULL = YES;
				CLANG_ANALYZER_NUMBER_OBJECT_CONVERSION = YES_AGGRESSIVE;
				CLANG_CXX_LANGUAGE_STANDARD = "gnu++20";
				CLANG_ENABLE_MODULES = YES;
				CLANG_ENABLE_OBJC_ARC = YES;
				CLANG_ENABLE_OBJC_WEAK = YES;
				CLANG_WARN_BLOCK_CAPTURE_AUTORELEASING = YES;
				CLANG_WARN_BOOL_CONVERSION = YES;
				CLANG_WARN_COMMA = YES;
				CLANG_WARN_CONSTANT_CONVERSION = YES;
				CLANG_WARN_DEPRECATED_OBJC_IMPLEMENTATIONS = YES;
				CLANG_WARN_DIRECT_OBJC_ISA_USAGE = YES_ERROR;
				CLANG_WARN_DOCUMENTATION_COMMENTS = YES;
				CLANG_WARN_EMPTY_BODY = YES;
				CLANG_WARN_ENUM_CONVERSION = YES;
				CLANG_WARN_INFINITE_RECURSION = YES;
				CLANG_WARN_INT_CONVERSION = YES;
				CLANG_WARN_NON_LITERAL_NULL_CONVERSION = YES;
				CLANG_WARN_OBJC_IMPLICIT_RETAIN_SELF = YES;
				CLANG_WARN_OBJC_LITERAL_CONVERSION = YES;
				CLANG_WARN_OBJC_ROOT_CLASS = YES_ERROR;
				CLANG_WARN_QUOTED_INCLUDE_IN_FRAMEWORK_HEADER = YES;
				CLANG_WARN_RANGE_LOOP_ANALYSIS = YES;
				CLANG_WARN_STRICT_PROTOTYPES = YES;
				CLANG_WARN_SUSPICIOUS_MOVE = YES;
				CLANG_WARN_UNGUARDED_AVAILABILITY = YES_AGGRESSIVE;
				CLANG_WARN_UNREACHABLE_CODE = YES;
				CLANG_WARN__DUPLICATE_METHOD_MATCH = YES;
				COPY_PHASE_STRIP = NO;
				DEBUG_INFORMATION_FORMAT = "dwarf-with-dsym";
				ENABLE_NS_ASSERTIONS = NO;
				ENABLE_STRICT_OBJC_MSGSEND = YES;
				ENABLE_USER_SCRIPT_SANDBOXING = YES;
				GCC_C_LANGUAGE_STANDARD = gnu17;
				GCC_NO_COMMON_BLOCKS = YES;
				GCC_WARN_64_TO_32_BIT_CONVERSION = YES;
				GCC_WARN_ABOUT_RETURN_TYPE = YES_ERROR;
				GCC_WARN_UNDECLARED_SELECTOR = YES;
				GCC_WARN_UNINITIALIZED_AUTOS = YES_AGGRESSIVE;
				GCC_WARN_UNUSED_FUNCTION = YES;
				GCC_WARN_UNUSED_VARIABLE = YES;
				IPHONEOS_DEPLOYMENT_TARGET = 17.0;
				LOCALIZATION_PREFERS_STRING_CATALOGS = YES;
				MTL_ENABLE_DEBUG_INFO = NO;
				MTL_FAST_MATH = YES;
				SDKROOT = iphoneos;
				SWIFT_COMPILATION_MODE = wholemodule;
				VALIDATE_PRODUCT = YES;
			};
			name = Release;
		};
		AF5797E12D0C5B0800F65C53 /* Debug */ = {
			isa = XCBuildConfiguration;
			buildSettings = {
				ASSETCATALOG_COMPILER_APPICON_NAME = AppIcon;
				ASSETCATALOG_COMPILER_GLOBAL_ACCENT_COLOR_NAME = AccentColor;
				CODE_SIGN_STYLE = Automatic;
				CURRENT_PROJECT_VERSION = 1;
				DEVELOPMENT_ASSET_PATHS = "\"CryptoBit/Preview Content\"";
				ENABLE_PREVIEWS = YES;
				GENERATE_INFOPLIST_FILE = YES;
				INFOPLIST_KEY_UIApplicationSceneManifest_Generation = YES;
				INFOPLIST_KEY_UIApplicationSupportsIndirectInputEvents = YES;
				INFOPLIST_KEY_UILaunchScreen_Generation = YES;
				INFOPLIST_KEY_UISupportedInterfaceOrientations_iPad = "UIInterfaceOrientationPortrait UIInterfaceOrientationPortraitUpsideDown UIInterfaceOrientationLandscapeLeft UIInterfaceOrientationLandscapeRight";
				INFOPLIST_KEY_UISupportedInterfaceOrientations_iPhone = "UIInterfaceOrientationPortrait UIInterfaceOrientationLandscapeLeft UIInterfaceOrientationLandscapeRight";
				LD_RUNPATH_SEARCH_PATHS = (
					"$(inherited)",
					"@executable_path/Frameworks",
				);
				MARKETING_VERSION = 1.0;
				PRODUCT_BUNDLE_IDENTIFIER = com.muradakhundov.CryptoBit;
				PRODUCT_NAME = "$(TARGET_NAME)";
				SWIFT_EMIT_LOC_STRINGS = YES;
				SWIFT_VERSION = 5.0;
				TARGETED_DEVICE_FAMILY = "1,2";
			};
			name = Debug;
		};
		AF5797E22D0C5B0800F65C53 /* Release */ = {
			isa = XCBuildConfiguration;
			buildSettings = {
				ASSETCATALOG_COMPILER_APPICON_NAME = AppIcon;
				ASSETCATALOG_COMPILER_GLOBAL_ACCENT_COLOR_NAME = AccentColor;
				CODE_SIGN_STYLE = Automatic;
				CURRENT_PROJECT_VERSION = 1;
				DEVELOPMENT_ASSET_PATHS = "\"CryptoBit/Preview Content\"";
				ENABLE_PREVIEWS = YES;
				GENERATE_INFOPLIST_FILE = YES;
				INFOPLIST_KEY_UIApplicationSceneManifest_Generation = YES;
				INFOPLIST_KEY_UIApplicationSupportsIndirectInputEvents = YES;
				INFOPLIST_KEY_UILaunchScreen_Generation = YES;
				INFOPLIST_KEY_UISupportedInterfaceOrientations_iPad = "UIInterfaceOrientationPortrait UIInterfaceOrientationPortraitUpsideDown UIInterfaceOrientationLandscapeLeft UIInterfaceOrientationLandscapeRight";
				INFOPLIST_KEY_UISupportedInterfaceOrientations_iPhone = "UIInterfaceOrientationPortrait UIInterfaceOrientationLandscapeLeft UIInterfaceOrientationLandscapeRight";
				LD_RUNPATH_SEARCH_PATHS = (
					"$(inherited)",
					"@executable_path/Frameworks",
				);
				MARKETING_VERSION = 1.0;
				PRODUCT_BUNDLE_IDENTIFIER = com.muradakhundov.CryptoBit;
				PRODUCT_NAME = "$(TARGET_NAME)";
				SWIFT_EMIT_LOC_STRINGS = YES;
				SWIFT_VERSION = 5.0;
				TARGETED_DEVICE_FAMILY = "1,2";
			};
			name = Release;
		};
/* End XCBuildConfiguration section */

/* Begin XCConfigurationList section */
		AF5797CD2D0C5B0600F65C53 /* Build configuration list for PBXProject "CryptoBit" */ = {
			isa = XCConfigurationList;
			buildConfigurations = (
				AF5797DE2D0C5B0800F65C53 /* Debug */,
				AF5797DF2D0C5B0800F65C53 /* Release */,
			);
			defaultConfigurationIsVisible = 0;
			defaultConfigurationName = Release;
		};
		AF5797E02D0C5B0800F65C53 /* Build configuration list for PBXNativeTarget "CryptoBit" */ = {
			isa = XCConfigurationList;
			buildConfigurations = (
				AF5797E12D0C5B0800F65C53 /* Debug */,
				AF5797E22D0C5B0800F65C53 /* Release */,
			);
			defaultConfigurationIsVisible = 0;
			defaultConfigurationName = Release;
		};
/* End XCConfigurationList section */

/* Begin XCRemoteSwiftPackageReference section */
		AF92EE352D0ED4DA00104932 /* XCRemoteSwiftPackageReference "Kingfisher" */ = {
			isa = XCRemoteSwiftPackageReference;
			repositoryURL = "https://github.com/onevcat/Kingfisher.git";
			requirement = {
				kind = upToNextMajorVersion;
				minimumVersion = 8.1.2;
			};
		};
/* End XCRemoteSwiftPackageReference section */

/* Begin XCSwiftPackageProductDependency section */
		AF92EE362D0ED4DA00104932 /* Kingfisher */ = {
			isa = XCSwiftPackageProductDependency;
			package = AF92EE352D0ED4DA00104932 /* XCRemoteSwiftPackageReference "Kingfisher" */;
			productName = Kingfisher;
		};
/* End XCSwiftPackageProductDependency section */
	};
	rootObject = AF5797CA2D0C5B0600F65C53 /* Project object */;
}
